
Microsoft Visual Studio Solution File, Format Version 12.00
# Visual Studio 15
VisualStudioVersion = 15.0.28307.1525
MinimumVisualStudioVersion = 10.0.40219.1
Project("{FAE04EC0-301F-11D3-BF4B-00C04F79EFBC}") = "scope test", "scope test\scope test.csproj", "{F64120DB-6348-4CBE-9DC3-BB0D15826DD7}"
EndProject
Global
	GlobalSection(SolutionConfigurationPlatforms) = preSolution
		Debug|Any CPU = Debug|Any CPU
		Release|Any CPU = Release|Any CPU
	EndGlobalSection
	GlobalSection(ProjectConfigurationPlatforms) = postSolution
		{F64120DB-6348-4CBE-9DC3-BB0D15826DD7}.Debug|Any CPU.ActiveCfg = Debug|Any CPU
		{F64120DB-6348-4CBE-9DC3-BB0D15826DD7}.Debug|Any CPU.Build.0 = Debug|Any CPU
		{F64120DB-6348-4CBE-9DC3-BB0D15826DD7}.Release|Any CPU.ActiveCfg = Release|Any CPU
		{F64120DB-6348-4CBE-9DC3-BB0D15826DD7}.Release|Any CPU.Build.0 = Release|Any CPU
	EndGlobalSection
	GlobalSection(SolutionProperties) = preSolution
		HideSolutionNode = FALSE
	EndGlobalSection
	GlobalSection(ExtensibilityGlobals) = postSolution
		SolutionGuid = {2CDEE427-595B-430A-A4AC-86407A04074B}
	EndGlobalSection
EndGlobal
